// !$*UTF8*$!
{
	archiveVersion = 1;
	classes = {
	};
	objectVersion = 55;
	objects = {

/* Begin PBXBuildFile section */
		05752E6941DB4AC8296BD2F6 /* Pods_YouTubeAPI.framework in Frameworks */ = {isa = PBXBuildFile; fileRef = 7CF8BCA687348D053898C9A3 /* Pods_YouTubeAPI.framework */; };
		5216F47328A2BDDB00498AEE /* AppDelegate.swift in Sources */ = {isa = PBXBuildFile; fileRef = 5216F47228A2BDDB00498AEE /* AppDelegate.swift */; };
		5216F47528A2BDDB00498AEE /* SceneDelegate.swift in Sources */ = {isa = PBXBuildFile; fileRef = 5216F47428A2BDDB00498AEE /* SceneDelegate.swift */; };
		5216F47728A2BDDB00498AEE /* VideoExampleViewController.swift in Sources */ = {isa = PBXBuildFile; fileRef = 5216F47628A2BDDB00498AEE /* VideoExampleViewController.swift */; };
		5216F47C28A2BDDD00498AEE /* Assets.xcassets in Resources */ = {isa = PBXBuildFile; fileRef = 5216F47B28A2BDDD00498AEE /* Assets.xcassets */; };
		5216F47F28A2BDDD00498AEE /* LaunchScreen.storyboard in Resources */ = {isa = PBXBuildFile; fileRef = 5216F47D28A2BDDD00498AEE /* LaunchScreen.storyboard */; };
		52369FDC28A312E500F9A699 /* SearchViewController.swift in Sources */ = {isa = PBXBuildFile; fileRef = 52369FDB28A312E500F9A699 /* SearchViewController.swift */; };
		52369FDE28A3130E00F9A699 /* YouTubeHelper.swift in Sources */ = {isa = PBXBuildFile; fileRef = 52369FDD28A3130E00F9A699 /* YouTubeHelper.swift */; };
		52369FE128A313E300F9A699 /* NetworkingHelpers.swift in Sources */ = {isa = PBXBuildFile; fileRef = 52369FE028A313E300F9A699 /* NetworkingHelpers.swift */; };
		52369FE428A317D800F9A699 /* SearchResultCell.swift in Sources */ = {isa = PBXBuildFile; fileRef = 52369FE228A317D800F9A699 /* SearchResultCell.swift */; };
		5236A01C28A4187600F9A699 /* VideoSearchPrototols.swift in Sources */ = {isa = PBXBuildFile; fileRef = 5236A01B28A4187600F9A699 /* VideoSearchPrototols.swift */; };
		5236A01E28A4189E00F9A699 /* VideoSearchViewController.swift in Sources */ = {isa = PBXBuildFile; fileRef = 5236A01D28A4189E00F9A699 /* VideoSearchViewController.swift */; };
		5236A02028A418B700F9A699 /* VideoSearchPresenter.swift in Sources */ = {isa = PBXBuildFile; fileRef = 5236A01F28A418B700F9A699 /* VideoSearchPresenter.swift */; };
		5236A02228A418BF00F9A699 /* VideoSearchInteractor.swift in Sources */ = {isa = PBXBuildFile; fileRef = 5236A02128A418BF00F9A699 /* VideoSearchInteractor.swift */; };
		5236A02428A418C900F9A699 /* VideoSearchEntity.swift in Sources */ = {isa = PBXBuildFile; fileRef = 5236A02328A418C900F9A699 /* VideoSearchEntity.swift */; };
		5236A02628A418D800F9A699 /* VideoSearchRouter.swift in Sources */ = {isa = PBXBuildFile; fileRef = 5236A02528A418D800F9A699 /* VideoSearchRouter.swift */; };
		5236A02828A42A6C00F9A699 /* VideoSearchConstants.swift in Sources */ = {isa = PBXBuildFile; fileRef = 5236A02728A42A6C00F9A699 /* VideoSearchConstants.swift */; };
		5236A02B28A4313400F9A699 /* YouTubeVideoSearchCell.swift in Sources */ = {isa = PBXBuildFile; fileRef = 5236A02A28A4313400F9A699 /* YouTubeVideoSearchCell.swift */; };
		5236A02F28A43FF200F9A699 /* VideoViewModel.swift in Sources */ = {isa = PBXBuildFile; fileRef = 5236A02E28A43FF200F9A699 /* VideoViewModel.swift */; };
		5236A03228A4462E00F9A699 /* VideoCellConstants.swift in Sources */ = {isa = PBXBuildFile; fileRef = 5236A03128A4462E00F9A699 /* VideoCellConstants.swift */; };
		5236A03428A44DE500F9A699 /* WebImageView.swift in Sources */ = {isa = PBXBuildFile; fileRef = 5236A03328A44DE500F9A699 /* WebImageView.swift */; };
		5236A03628A455A300F9A699 /* AppConstants.swift in Sources */ = {isa = PBXBuildFile; fileRef = 5236A03528A455A300F9A699 /* AppConstants.swift */; };
		5236A03928A464B900F9A699 /* TestStoryboard.storyboard in Resources */ = {isa = PBXBuildFile; fileRef = 5236A03828A464B900F9A699 /* TestStoryboard.storyboard */; };
		5236A03B28A5287D00F9A699 /* TextHeight.swift in Sources */ = {isa = PBXBuildFile; fileRef = 5236A03A28A5287D00F9A699 /* TextHeight.swift */; };
		5236A05F28A55B4D00F9A699 /* GradientView.swift in Sources */ = {isa = PBXBuildFile; fileRef = 5236A05E28A55B4D00F9A699 /* GradientView.swift */; };
		5236A06128A58F9700F9A699 /* DateHelpers.swift in Sources */ = {isa = PBXBuildFile; fileRef = 5236A06028A58F9700F9A699 /* DateHelpers.swift */; };
		52627B3D28A2C4670041ECEA /* Constraints.swift in Sources */ = {isa = PBXBuildFile; fileRef = 52627B3C28A2C4670041ECEA /* Constraints.swift */; };
/* End PBXBuildFile section */

/* Begin PBXFileReference section */
		5216F46F28A2BDDB00498AEE /* YouTubeAPI.app */ = {isa = PBXFileReference; explicitFileType = wrapper.application; includeInIndex = 0; path = YouTubeAPI.app; sourceTree = BUILT_PRODUCTS_DIR; };
		5216F47228A2BDDB00498AEE /* AppDelegate.swift */ = {isa = PBXFileReference; lastKnownFileType = sourcecode.swift; path = AppDelegate.swift; sourceTree = "<group>"; };
		5216F47428A2BDDB00498AEE /* SceneDelegate.swift */ = {isa = PBXFileReference; lastKnownFileType = sourcecode.swift; path = SceneDelegate.swift; sourceTree = "<group>"; };
		5216F47628A2BDDB00498AEE /* VideoExampleViewController.swift */ = {isa = PBXFileReference; lastKnownFileType = sourcecode.swift; path = VideoExampleViewController.swift; sourceTree = "<group>"; };
		5216F47B28A2BDDD00498AEE /* Assets.xcassets */ = {isa = PBXFileReference; lastKnownFileType = folder.assetcatalog; path = Assets.xcassets; sourceTree = "<group>"; };
		5216F47E28A2BDDD00498AEE /* Base */ = {isa = PBXFileReference; lastKnownFileType = file.storyboard; name = Base; path = Base.lproj/LaunchScreen.storyboard; sourceTree = "<group>"; };
		5216F48028A2BDDD00498AEE /* Info.plist */ = {isa = PBXFileReference; lastKnownFileType = text.plist.xml; path = Info.plist; sourceTree = "<group>"; };
		52369FDB28A312E500F9A699 /* SearchViewController.swift */ = {isa = PBXFileReference; lastKnownFileType = sourcecode.swift; path = SearchViewController.swift; sourceTree = "<group>"; };
		52369FDD28A3130E00F9A699 /* YouTubeHelper.swift */ = {isa = PBXFileReference; lastKnownFileType = sourcecode.swift; path = YouTubeHelper.swift; sourceTree = "<group>"; };
		52369FE028A313E300F9A699 /* NetworkingHelpers.swift */ = {isa = PBXFileReference; lastKnownFileType = sourcecode.swift; path = NetworkingHelpers.swift; sourceTree = "<group>"; };
		52369FE228A317D800F9A699 /* SearchResultCell.swift */ = {isa = PBXFileReference; lastKnownFileType = sourcecode.swift; path = SearchResultCell.swift; sourceTree = "<group>"; };
		5236A01B28A4187600F9A699 /* VideoSearchPrototols.swift */ = {isa = PBXFileReference; lastKnownFileType = sourcecode.swift; path = VideoSearchPrototols.swift; sourceTree = "<group>"; };
		5236A01D28A4189E00F9A699 /* VideoSearchViewController.swift */ = {isa = PBXFileReference; lastKnownFileType = sourcecode.swift; path = VideoSearchViewController.swift; sourceTree = "<group>"; };
		5236A01F28A418B700F9A699 /* VideoSearchPresenter.swift */ = {isa = PBXFileReference; lastKnownFileType = sourcecode.swift; path = VideoSearchPresenter.swift; sourceTree = "<group>"; };
		5236A02128A418BF00F9A699 /* VideoSearchInteractor.swift */ = {isa = PBXFileReference; lastKnownFileType = sourcecode.swift; path = VideoSearchInteractor.swift; sourceTree = "<group>"; };
		5236A02328A418C900F9A699 /* VideoSearchEntity.swift */ = {isa = PBXFileReference; lastKnownFileType = sourcecode.swift; path = VideoSearchEntity.swift; sourceTree = "<group>"; };
		5236A02528A418D800F9A699 /* VideoSearchRouter.swift */ = {isa = PBXFileReference; lastKnownFileType = sourcecode.swift; path = VideoSearchRouter.swift; sourceTree = "<group>"; };
		5236A02728A42A6C00F9A699 /* VideoSearchConstants.swift */ = {isa = PBXFileReference; lastKnownFileType = sourcecode.swift; path = VideoSearchConstants.swift; sourceTree = "<group>"; };
		5236A02A28A4313400F9A699 /* YouTubeVideoSearchCell.swift */ = {isa = PBXFileReference; lastKnownFileType = sourcecode.swift; path = YouTubeVideoSearchCell.swift; sourceTree = "<group>"; };
		5236A02E28A43FF200F9A699 /* VideoViewModel.swift */ = {isa = PBXFileReference; lastKnownFileType = sourcecode.swift; path = VideoViewModel.swift; sourceTree = "<group>"; };
		5236A03128A4462E00F9A699 /* VideoCellConstants.swift */ = {isa = PBXFileReference; lastKnownFileType = sourcecode.swift; path = VideoCellConstants.swift; sourceTree = "<group>"; };
		5236A03328A44DE500F9A699 /* WebImageView.swift */ = {isa = PBXFileReference; lastKnownFileType = sourcecode.swift; path = WebImageView.swift; sourceTree = "<group>"; };
		5236A03528A455A300F9A699 /* AppConstants.swift */ = {isa = PBXFileReference; lastKnownFileType = sourcecode.swift; path = AppConstants.swift; sourceTree = "<group>"; };
		5236A03828A464B900F9A699 /* TestStoryboard.storyboard */ = {isa = PBXFileReference; lastKnownFileType = file.storyboard; path = TestStoryboard.storyboard; sourceTree = "<group>"; };
		5236A03A28A5287D00F9A699 /* TextHeight.swift */ = {isa = PBXFileReference; lastKnownFileType = sourcecode.swift; path = TextHeight.swift; sourceTree = "<group>"; };
		5236A05E28A55B4D00F9A699 /* GradientView.swift */ = {isa = PBXFileReference; lastKnownFileType = sourcecode.swift; path = GradientView.swift; sourceTree = "<group>"; };
		5236A06028A58F9700F9A699 /* DateHelpers.swift */ = {isa = PBXFileReference; lastKnownFileType = sourcecode.swift; path = DateHelpers.swift; sourceTree = "<group>"; };
		52627B3C28A2C4670041ECEA /* Constraints.swift */ = {isa = PBXFileReference; lastKnownFileType = sourcecode.swift; path = Constraints.swift; sourceTree = "<group>"; };
		7CF8BCA687348D053898C9A3 /* Pods_YouTubeAPI.framework */ = {isa = PBXFileReference; explicitFileType = wrapper.framework; includeInIndex = 0; path = Pods_YouTubeAPI.framework; sourceTree = BUILT_PRODUCTS_DIR; };
		BF5464F5C55FFFC175C0C6B7 /* Pods-YouTubeAPI.release.xcconfig */ = {isa = PBXFileReference; includeInIndex = 1; lastKnownFileType = text.xcconfig; name = "Pods-YouTubeAPI.release.xcconfig"; path = "Target Support Files/Pods-YouTubeAPI/Pods-YouTubeAPI.release.xcconfig"; sourceTree = "<group>"; };
		D88453935EA827CCAE3CCF84 /* Pods-YouTubeAPI.debug.xcconfig */ = {isa = PBXFileReference; includeInIndex = 1; lastKnownFileType = text.xcconfig; name = "Pods-YouTubeAPI.debug.xcconfig"; path = "Target Support Files/Pods-YouTubeAPI/Pods-YouTubeAPI.debug.xcconfig"; sourceTree = "<group>"; };
/* End PBXFileReference section */

/* Begin PBXFrameworksBuildPhase section */
		5216F46C28A2BDDB00498AEE /* Frameworks */ = {
			isa = PBXFrameworksBuildPhase;
			buildActionMask = 2147483647;
			files = (
				05752E6941DB4AC8296BD2F6 /* Pods_YouTubeAPI.framework in Frameworks */,
			);
			runOnlyForDeploymentPostprocessing = 0;
		};
/* End PBXFrameworksBuildPhase section */

/* Begin PBXGroup section */
		5216F46628A2BDDB00498AEE = {
			isa = PBXGroup;
			children = (
				5216F47128A2BDDB00498AEE /* YouTubeAPI */,
				5216F47028A2BDDB00498AEE /* Products */,
				56BEDE88A386AA8EBBE0C1E9 /* Pods */,
				55D675E267F86D9D4B5FAC95 /* Frameworks */,
			);
			sourceTree = "<group>";
		};
		5216F47028A2BDDB00498AEE /* Products */ = {
			isa = PBXGroup;
			children = (
				5216F46F28A2BDDB00498AEE /* YouTubeAPI.app */,
			);
			name = Products;
			sourceTree = "<group>";
		};
		5216F47128A2BDDB00498AEE /* YouTubeAPI */ = {
			isa = PBXGroup;
			children = (
				5236A01A28A4181100F9A699 /* VideoSearchModule */,
				5236A02928A4311000F9A699 /* CustomViews */,
				52369FDA28A312C400F9A699 /* SearchExample */,
				52369FD928A312B200F9A699 /* VideoExample */,
				52627B3B28A2C43E0041ECEA /* Helpers */,
				5236A03028A4461400F9A699 /* Constants */,
				5236A03728A4649F00F9A699 /* Test */,
				5216F47228A2BDDB00498AEE /* AppDelegate.swift */,
				5216F47428A2BDDB00498AEE /* SceneDelegate.swift */,
				5216F47B28A2BDDD00498AEE /* Assets.xcassets */,
				5216F47D28A2BDDD00498AEE /* LaunchScreen.storyboard */,
				5216F48028A2BDDD00498AEE /* Info.plist */,
			);
			path = YouTubeAPI;
			sourceTree = "<group>";
		};
		52369FD928A312B200F9A699 /* VideoExample */ = {
			isa = PBXGroup;
			children = (
				5216F47628A2BDDB00498AEE /* VideoExampleViewController.swift */,
			);
			path = VideoExample;
			sourceTree = "<group>";
		};
		52369FDA28A312C400F9A699 /* SearchExample */ = {
			isa = PBXGroup;
			children = (
				52369FDB28A312E500F9A699 /* SearchViewController.swift */,
				52369FE228A317D800F9A699 /* SearchResultCell.swift */,
			);
			path = SearchExample;
			sourceTree = "<group>";
		};
		5236A01A28A4181100F9A699 /* VideoSearchModule */ = {
			isa = PBXGroup;
			children = (
				5236A01B28A4187600F9A699 /* VideoSearchPrototols.swift */,
				5236A01D28A4189E00F9A699 /* VideoSearchViewController.swift */,
				5236A01F28A418B700F9A699 /* VideoSearchPresenter.swift */,
				5236A02128A418BF00F9A699 /* VideoSearchInteractor.swift */,
				5236A02328A418C900F9A699 /* VideoSearchEntity.swift */,
				5236A02528A418D800F9A699 /* VideoSearchRouter.swift */,
				5236A02D28A43FD600F9A699 /* ViewModels */,
			);
			path = VideoSearchModule;
			sourceTree = "<group>";
		};
		5236A02928A4311000F9A699 /* CustomViews */ = {
			isa = PBXGroup;
			children = (
				5236A02A28A4313400F9A699 /* YouTubeVideoSearchCell.swift */,
				5236A03328A44DE500F9A699 /* WebImageView.swift */,
				5236A05E28A55B4D00F9A699 /* GradientView.swift */,
			);
			path = CustomViews;
			sourceTree = "<group>";
		};
		5236A02D28A43FD600F9A699 /* ViewModels */ = {
			isa = PBXGroup;
			children = (
				5236A02E28A43FF200F9A699 /* VideoViewModel.swift */,
			);
			path = ViewModels;
			sourceTree = "<group>";
		};
		5236A03028A4461400F9A699 /* Constants */ = {
			isa = PBXGroup;
			children = (
				5236A03528A455A300F9A699 /* AppConstants.swift */,
				5236A02728A42A6C00F9A699 /* VideoSearchConstants.swift */,
				5236A03128A4462E00F9A699 /* VideoCellConstants.swift */,
			);
			path = Constants;
			sourceTree = "<group>";
		};
		5236A03728A4649F00F9A699 /* Test */ = {
			isa = PBXGroup;
			children = (
				5236A03828A464B900F9A699 /* TestStoryboard.storyboard */,
			);
			path = Test;
			sourceTree = "<group>";
		};
		52627B3B28A2C43E0041ECEA /* Helpers */ = {
			isa = PBXGroup;
			children = (
				52627B3C28A2C4670041ECEA /* Constraints.swift */,
				52369FDD28A3130E00F9A699 /* YouTubeHelper.swift */,
				52369FE028A313E300F9A699 /* NetworkingHelpers.swift */,
				5236A03A28A5287D00F9A699 /* TextHeight.swift */,
				5236A06028A58F9700F9A699 /* DateHelpers.swift */,
			);
			path = Helpers;
			sourceTree = "<group>";
		};
		55D675E267F86D9D4B5FAC95 /* Frameworks */ = {
			isa = PBXGroup;
			children = (
				7CF8BCA687348D053898C9A3 /* Pods_YouTubeAPI.framework */,
			);
			name = Frameworks;
			sourceTree = "<group>";
		};
		56BEDE88A386AA8EBBE0C1E9 /* Pods */ = {
			isa = PBXGroup;
			children = (
				D88453935EA827CCAE3CCF84 /* Pods-YouTubeAPI.debug.xcconfig */,
				BF5464F5C55FFFC175C0C6B7 /* Pods-YouTubeAPI.release.xcconfig */,
			);
			path = Pods;
			sourceTree = "<group>";
		};
/* End PBXGroup section */

/* Begin PBXNativeTarget section */
		5216F46E28A2BDDB00498AEE /* YouTubeAPI */ = {
			isa = PBXNativeTarget;
			buildConfigurationList = 5216F48328A2BDDD00498AEE /* Build configuration list for PBXNativeTarget "YouTubeAPI" */;
			buildPhases = (
				6EDCC025AE27CB154679C41E /* [CP] Check Pods Manifest.lock */,
				5216F46B28A2BDDB00498AEE /* Sources */,
				5216F46C28A2BDDB00498AEE /* Frameworks */,
				5216F46D28A2BDDB00498AEE /* Resources */,
				B1E17A24199350B524758840 /* [CP] Embed Pods Frameworks */,
			);
			buildRules = (
			);
			dependencies = (
			);
			name = YouTubeAPI;
			productName = YouTubeAPI;
			productReference = 5216F46F28A2BDDB00498AEE /* YouTubeAPI.app */;
			productType = "com.apple.product-type.application";
		};
/* End PBXNativeTarget section */

/* Begin PBXProject section */
		5216F46728A2BDDB00498AEE /* Project object */ = {
			isa = PBXProject;
			attributes = {
				BuildIndependentTargetsInParallel = 1;
				LastSwiftUpdateCheck = 1340;
				LastUpgradeCheck = 1340;
				TargetAttributes = {
					5216F46E28A2BDDB00498AEE = {
						CreatedOnToolsVersion = 13.4.1;
					};
				};
			};
			buildConfigurationList = 5216F46A28A2BDDB00498AEE /* Build configuration list for PBXProject "YouTubeAPI" */;
			compatibilityVersion = "Xcode 13.0";
			developmentRegion = en;
			hasScannedForEncodings = 0;
			knownRegions = (
				en,
				Base,
			);
			mainGroup = 5216F46628A2BDDB00498AEE;
			productRefGroup = 5216F47028A2BDDB00498AEE /* Products */;
			projectDirPath = "";
			projectRoot = "";
			targets = (
				5216F46E28A2BDDB00498AEE /* YouTubeAPI */,
			);
		};
/* End PBXProject section */

/* Begin PBXResourcesBuildPhase section */
		5216F46D28A2BDDB00498AEE /* Resources */ = {
			isa = PBXResourcesBuildPhase;
			buildActionMask = 2147483647;
			files = (
				5236A03928A464B900F9A699 /* TestStoryboard.storyboard in Resources */,
				5216F47F28A2BDDD00498AEE /* LaunchScreen.storyboard in Resources */,
				5216F47C28A2BDDD00498AEE /* Assets.xcassets in Resources */,
			);
			runOnlyForDeploymentPostprocessing = 0;
		};
/* End PBXResourcesBuildPhase section */

/* Begin PBXShellScriptBuildPhase section */
		6EDCC025AE27CB154679C41E /* [CP] Check Pods Manifest.lock */ = {
			isa = PBXShellScriptBuildPhase;
			buildActionMask = 2147483647;
			files = (
			);
			inputFileListPaths = (
			);
			inputPaths = (
				"${PODS_PODFILE_DIR_PATH}/Podfile.lock",
				"${PODS_ROOT}/Manifest.lock",
			);
			name = "[CP] Check Pods Manifest.lock";
			outputFileListPaths = (
			);
			outputPaths = (
				"$(DERIVED_FILE_DIR)/Pods-YouTubeAPI-checkManifestLockResult.txt",
			);
			runOnlyForDeploymentPostprocessing = 0;
			shellPath = /bin/sh;
			shellScript = "diff \"${PODS_PODFILE_DIR_PATH}/Podfile.lock\" \"${PODS_ROOT}/Manifest.lock\" > /dev/null\nif [ $? != 0 ] ; then\n    # print error to STDERR\n    echo \"error: The sandbox is not in sync with the Podfile.lock. Run 'pod install' or update your CocoaPods installation.\" >&2\n    exit 1\nfi\n# This output is used by Xcode 'outputs' to avoid re-running this script phase.\necho \"SUCCESS\" > \"${SCRIPT_OUTPUT_FILE_0}\"\n";
			showEnvVarsInLog = 0;
		};
		B1E17A24199350B524758840 /* [CP] Embed Pods Frameworks */ = {
			isa = PBXShellScriptBuildPhase;
			buildActionMask = 2147483647;
			files = (
			);
			inputFileListPaths = (
				"${PODS_ROOT}/Target Support Files/Pods-YouTubeAPI/Pods-YouTubeAPI-frameworks-${CONFIGURATION}-input-files.xcfilelist",
			);
			name = "[CP] Embed Pods Frameworks";
			outputFileListPaths = (
				"${PODS_ROOT}/Target Support Files/Pods-YouTubeAPI/Pods-YouTubeAPI-frameworks-${CONFIGURATION}-output-files.xcfilelist",
			);
			runOnlyForDeploymentPostprocessing = 0;
			shellPath = /bin/sh;
			shellScript = "\"${PODS_ROOT}/Target Support Files/Pods-YouTubeAPI/Pods-YouTubeAPI-frameworks.sh\"\n";
			showEnvVarsInLog = 0;
		};
/* End PBXShellScriptBuildPhase section */

/* Begin PBXSourcesBuildPhase section */
		5216F46B28A2BDDB00498AEE /* Sources */ = {
			isa = PBXSourcesBuildPhase;
			buildActionMask = 2147483647;
			files = (
				52369FE128A313E300F9A699 /* NetworkingHelpers.swift in Sources */,
				5236A02B28A4313400F9A699 /* YouTubeVideoSearchCell.swift in Sources */,
				5236A05F28A55B4D00F9A699 /* GradientView.swift in Sources */,
				52369FDC28A312E500F9A699 /* SearchViewController.swift in Sources */,
				5236A02028A418B700F9A699 /* VideoSearchPresenter.swift in Sources */,
				5236A02428A418C900F9A699 /* VideoSearchEntity.swift in Sources */,
				5236A02F28A43FF200F9A699 /* VideoViewModel.swift in Sources */,
				5236A06128A58F9700F9A699 /* DateHelpers.swift in Sources */,
				52627B3D28A2C4670041ECEA /* Constraints.swift in Sources */,
				5236A01E28A4189E00F9A699 /* VideoSearchViewController.swift in Sources */,
				5236A01C28A4187600F9A699 /* VideoSearchPrototols.swift in Sources */,
				5236A03228A4462E00F9A699 /* VideoCellConstants.swift in Sources */,
				5216F47728A2BDDB00498AEE /* VideoExampleViewController.swift in Sources */,
				5216F47328A2BDDB00498AEE /* AppDelegate.swift in Sources */,
				5216F47528A2BDDB00498AEE /* SceneDelegate.swift in Sources */,
				5236A02228A418BF00F9A699 /* VideoSearchInteractor.swift in Sources */,
				5236A03428A44DE500F9A699 /* WebImageView.swift in Sources */,
				52369FE428A317D800F9A699 /* SearchResultCell.swift in Sources */,
				5236A02628A418D800F9A699 /* VideoSearchRouter.swift in Sources */,
				52369FDE28A3130E00F9A699 /* YouTubeHelper.swift in Sources */,
				5236A02828A42A6C00F9A699 /* VideoSearchConstants.swift in Sources */,
				5236A03B28A5287D00F9A699 /* TextHeight.swift in Sources */,
				5236A03628A455A300F9A699 /* AppConstants.swift in Sources */,
			);
			runOnlyForDeploymentPostprocessing = 0;
		};
/* End PBXSourcesBuildPhase section */

/* Begin PBXVariantGroup section */
		5216F47D28A2BDDD00498AEE /* LaunchScreen.storyboard */ = {
			isa = PBXVariantGroup;
			children = (
				5216F47E28A2BDDD00498AEE /* Base */,
			);
			name = LaunchScreen.storyboard;
			sourceTree = "<group>";
		};
/* End PBXVariantGroup section */

/* Begin XCBuildConfiguration section */
		5216F48128A2BDDD00498AEE /* Debug */ = {
			isa = XCBuildConfiguration;
			buildSettings = {
				ALWAYS_SEARCH_USER_PATHS = NO;
				CLANG_ANALYZER_NONNULL = YES;
				CLANG_ANALYZER_NUMBER_OBJECT_CONVERSION = YES_AGGRESSIVE;
				CLANG_CXX_LANGUAGE_STANDARD = "gnu++17";
				CLANG_ENABLE_MODULES = YES;
				CLANG_ENABLE_OBJC_ARC = YES;
				CLANG_ENABLE_OBJC_WEAK = YES;
				CLANG_WARN_BLOCK_CAPTURE_AUTORELEASING = YES;
				CLANG_WARN_BOOL_CONVERSION = YES;
				CLANG_WARN_COMMA = YES;
				CLANG_WARN_CONSTANT_CONVERSION = YES;
				CLANG_WARN_DEPRECATED_OBJC_IMPLEMENTATIONS = YES;
				CLANG_WARN_DIRECT_OBJC_ISA_USAGE = YES_ERROR;
				CLANG_WARN_DOCUMENTATION_COMMENTS = YES;
				CLANG_WARN_EMPTY_BODY = YES;
				CLANG_WARN_ENUM_CONVERSION = YES;
				CLANG_WARN_INFINITE_RECURSION = YES;
				CLANG_WARN_INT_CONVERSION = YES;
				CLANG_WARN_NON_LITERAL_NULL_CONVERSION = YES;
				CLANG_WARN_OBJC_IMPLICIT_RETAIN_SELF = YES;
				CLANG_WARN_OBJC_LITERAL_CONVERSION = YES;
				CLANG_WARN_OBJC_ROOT_CLASS = YES_ERROR;
				CLANG_WARN_QUOTED_INCLUDE_IN_FRAMEWORK_HEADER = YES;
				CLANG_WARN_RANGE_LOOP_ANALYSIS = YES;
				CLANG_WARN_STRICT_PROTOTYPES = YES;
				CLANG_WARN_SUSPICIOUS_MOVE = YES;
				CLANG_WARN_UNGUARDED_AVAILABILITY = YES_AGGRESSIVE;
				CLANG_WARN_UNREACHABLE_CODE = YES;
				CLANG_WARN__DUPLICATE_METHOD_MATCH = YES;
				COPY_PHASE_STRIP = NO;
				DEBUG_INFORMATION_FORMAT = dwarf;
				ENABLE_STRICT_OBJC_MSGSEND = YES;
				ENABLE_TESTABILITY = YES;
				GCC_C_LANGUAGE_STANDARD = gnu11;
				GCC_DYNAMIC_NO_PIC = NO;
				GCC_NO_COMMON_BLOCKS = YES;
				GCC_OPTIMIZATION_LEVEL = 0;
				GCC_PREPROCESSOR_DEFINITIONS = (
					"DEBUG=1",
					"$(inherited)",
				);
				GCC_WARN_64_TO_32_BIT_CONVERSION = YES;
				GCC_WARN_ABOUT_RETURN_TYPE = YES_ERROR;
				GCC_WARN_UNDECLARED_SELECTOR = YES;
				GCC_WARN_UNINITIALIZED_AUTOS = YES_AGGRESSIVE;
				GCC_WARN_UNUSED_FUNCTION = YES;
				GCC_WARN_UNUSED_VARIABLE = YES;
				IPHONEOS_DEPLOYMENT_TARGET = 15.5;
				MTL_ENABLE_DEBUG_INFO = INCLUDE_SOURCE;
				MTL_FAST_MATH = YES;
				ONLY_ACTIVE_ARCH = YES;
				SDKROOT = iphoneos;
				SWIFT_ACTIVE_COMPILATION_CONDITIONS = DEBUG;
				SWIFT_OPTIMIZATION_LEVEL = "-Onone";
			};
			name = Debug;
		};
		5216F48228A2BDDD00498AEE /* Release */ = {
			isa = XCBuildConfiguration;
			buildSettings = {
				ALWAYS_SEARCH_USER_PATHS = NO;
				CLANG_ANALYZER_NONNULL = YES;
				CLANG_ANALYZER_NUMBER_OBJECT_CONVERSION = YES_AGGRESSIVE;
				CLANG_CXX_LANGUAGE_STANDARD = "gnu++17";
				CLANG_ENABLE_MODULES = YES;
				CLANG_ENABLE_OBJC_ARC = YES;
				CLANG_ENABLE_OBJC_WEAK = YES;
				CLANG_WARN_BLOCK_CAPTURE_AUTORELEASING = YES;
				CLANG_WARN_BOOL_CONVERSION = YES;
				CLANG_WARN_COMMA = YES;
				CLANG_WARN_CONSTANT_CONVERSION = YES;
				CLANG_WARN_DEPRECATED_OBJC_IMPLEMENTATIONS = YES;
				CLANG_WARN_DIRECT_OBJC_ISA_USAGE = YES_ERROR;
				CLANG_WARN_DOCUMENTATION_COMMENTS = YES;
				CLANG_WARN_EMPTY_BODY = YES;
				CLANG_WARN_ENUM_CONVERSION = YES;
				CLANG_WARN_INFINITE_RECURSION = YES;
				CLANG_WARN_INT_CONVERSION = YES;
				CLANG_WARN_NON_LITERAL_NULL_CONVERSION = YES;
				CLANG_WARN_OBJC_IMPLICIT_RETAIN_SELF = YES;
				CLANG_WARN_OBJC_LITERAL_CONVERSION = YES;
				CLANG_WARN_OBJC_ROOT_CLASS = YES_ERROR;
				CLANG_WARN_QUOTED_INCLUDE_IN_FRAMEWORK_HEADER = YES;
				CLANG_WARN_RANGE_LOOP_ANALYSIS = YES;
				CLANG_WARN_STRICT_PROTOTYPES = YES;
				CLANG_WARN_SUSPICIOUS_MOVE = YES;
				CLANG_WARN_UNGUARDED_AVAILABILITY = YES_AGGRESSIVE;
				CLANG_WARN_UNREACHABLE_CODE = YES;
				CLANG_WARN__DUPLICATE_METHOD_MATCH = YES;
				COPY_PHASE_STRIP = NO;
				DEBUG_INFORMATION_FORMAT = "dwarf-with-dsym";
				ENABLE_NS_ASSERTIONS = NO;
				ENABLE_STRICT_OBJC_MSGSEND = YES;
				GCC_C_LANGUAGE_STANDARD = gnu11;
				GCC_NO_COMMON_BLOCKS = YES;
				GCC_WARN_64_TO_32_BIT_CONVERSION = YES;
				GCC_WARN_ABOUT_RETURN_TYPE = YES_ERROR;
				GCC_WARN_UNDECLARED_SELECTOR = YES;
				GCC_WARN_UNINITIALIZED_AUTOS = YES_AGGRESSIVE;
				GCC_WARN_UNUSED_FUNCTION = YES;
				GCC_WARN_UNUSED_VARIABLE = YES;
				IPHONEOS_DEPLOYMENT_TARGET = 15.5;
				MTL_ENABLE_DEBUG_INFO = NO;
				MTL_FAST_MATH = YES;
				SDKROOT = iphoneos;
				SWIFT_COMPILATION_MODE = wholemodule;
				SWIFT_OPTIMIZATION_LEVEL = "-O";
				VALIDATE_PRODUCT = YES;
			};
			name = Release;
		};
		5216F48428A2BDDD00498AEE /* Debug */ = {
			isa = XCBuildConfiguration;
			baseConfigurationReference = D88453935EA827CCAE3CCF84 /* Pods-YouTubeAPI.debug.xcconfig */;
			buildSettings = {
				ASSETCATALOG_COMPILER_APPICON_NAME = AppIcon;
				ASSETCATALOG_COMPILER_GLOBAL_ACCENT_COLOR_NAME = AccentColor;
				CODE_SIGN_STYLE = Automatic;
				CURRENT_PROJECT_VERSION = 1;
				GENERATE_INFOPLIST_FILE = YES;
				INFOPLIST_FILE = YouTubeAPI/Info.plist;
				INFOPLIST_KEY_UIApplicationSupportsIndirectInputEvents = YES;
				INFOPLIST_KEY_UILaunchStoryboardName = LaunchScreen;
				INFOPLIST_KEY_UISupportedInterfaceOrientations_iPad = "UIInterfaceOrientationPortrait UIInterfaceOrientationPortraitUpsideDown UIInterfaceOrientationLandscapeLeft UIInterfaceOrientationLandscapeRight";
				INFOPLIST_KEY_UISupportedInterfaceOrientations_iPhone = "UIInterfaceOrientationPortrait UIInterfaceOrientationLandscapeLeft UIInterfaceOrientationLandscapeRight";
				INFOPLIST_KEY_UIUserInterfaceStyle = Light;
				LD_RUNPATH_SEARCH_PATHS = (
					"$(inherited)",
					"@executable_path/Frameworks",
				);
				MARKETING_VERSION = 1.0;
				PRODUCT_BUNDLE_IDENTIFIER = DevBorisElkin.YouTubeAPI;
				PRODUCT_NAME = "$(TARGET_NAME)";
				SWIFT_EMIT_LOC_STRINGS = YES;
				SWIFT_VERSION = 5.0;
				TARGETED_DEVICE_FAMILY = "1,2";
			};
			name = Debug;
		};
		5216F48528A2BDDD00498AEE /* Release */ = {
			isa = XCBuildConfiguration;
			baseConfigurationReference = BF5464F5C55FFFC175C0C6B7 /* Pods-YouTubeAPI.release.xcconfig */;
			buildSettings = {
				ASSETCATALOG_COMPILER_APPICON_NAME = AppIcon;
				ASSETCATALOG_COMPILER_GLOBAL_ACCENT_COLOR_NAME = AccentColor;
				CODE_SIGN_STYLE = Automatic;
				CURRENT_PROJECT_VERSION = 1;
				GENERATE_INFOPLIST_FILE = YES;
				INFOPLIST_FILE = YouTubeAPI/Info.plist;
				INFOPLIST_KEY_UIApplicationSupportsIndirectInputEvents = YES;
				INFOPLIST_KEY_UILaunchStoryboardName = LaunchScreen;
				INFOPLIST_KEY_UISupportedInterfaceOrientations_iPad = "UIInterfaceOrientationPortrait UIInterfaceOrientationPortraitUpsideDown UIInterfaceOrientationLandscapeLeft UIInterfaceOrientationLandscapeRight";
				INFOPLIST_KEY_UISupportedInterfaceOrientations_iPhone = "UIInterfaceOrientationPortrait UIInterfaceOrientationLandscapeLeft UIInterfaceOrientationLandscapeRight";
				INFOPLIST_KEY_UIUserInterfaceStyle = Light;
				LD_RUNPATH_SEARCH_PATHS = (
					"$(inherited)",
					"@executable_path/Frameworks",
				);
				MARKETING_VERSION = 1.0;
				PRODUCT_BUNDLE_IDENTIFIER = DevBorisElkin.YouTubeAPI;
				PRODUCT_NAME = "$(TARGET_NAME)";
				SWIFT_EMIT_LOC_STRINGS = YES;
				SWIFT_VERSION = 5.0;
				TARGETED_DEVICE_FAMILY = "1,2";
			};
			name = Release;
		};
/* End XCBuildConfiguration section */

/* Begin XCConfigurationList section */
		5216F46A28A2BDDB00498AEE /* Build configuration list for PBXProject "YouTubeAPI" */ = {
			isa = XCConfigurationList;
			buildConfigurations = (
				5216F48128A2BDDD00498AEE /* Debug */,
				5216F48228A2BDDD00498AEE /* Release */,
			);
			defaultConfigurationIsVisible = 0;
			defaultConfigurationName = Release;
		};
		5216F48328A2BDDD00498AEE /* Build configuration list for PBXNativeTarget "YouTubeAPI" */ = {
			isa = XCConfigurationList;
			buildConfigurations = (
				5216F48428A2BDDD00498AEE /* Debug */,
				5216F48528A2BDDD00498AEE /* Release */,
			);
			defaultConfigurationIsVisible = 0;
			defaultConfigurationName = Release;
		};
/* End XCConfigurationList section */
	};
	rootObject = 5216F46728A2BDDB00498AEE /* Project object */;
}
